// !$*UTF8*$!
{
	archiveVersion = 1;
	classes = {
	};
	objectVersion = 56;
	objects = {

/* Begin PBXBuildFile section */
		932B191528B726920034093E /* AppDelegate.swift in Sources */ = {isa = PBXBuildFile; fileRef = 932B191428B726920034093E /* AppDelegate.swift */; };
		932B191728B726920034093E /* ViewController.swift in Sources */ = {isa = PBXBuildFile; fileRef = 932B191628B726920034093E /* ViewController.swift */; };
		932B191928B726930034093E /* Assets.xcassets in Resources */ = {isa = PBXBuildFile; fileRef = 932B191828B726930034093E /* Assets.xcassets */; };
		932B191C28B726930034093E /* Main.storyboard in Resources */ = {isa = PBXBuildFile; fileRef = 932B191A28B726930034093E /* Main.storyboard */; };
		932B192428B729370034093E /* MainWindowController.swift in Sources */ = {isa = PBXBuildFile; fileRef = 932B192328B729370034093E /* MainWindowController.swift */; };
		932B192B28B72F830034093E /* CompactTabsToolbarView.swift in Sources */ = {isa = PBXBuildFile; fileRef = 932B192A28B72F830034093E /* CompactTabsToolbarView.swift */; };
		935BCDC028B84BE00032960F /* WebPageView.swift in Sources */ = {isa = PBXBuildFile; fileRef = 935BCDBF28B84BE00032960F /* WebPageView.swift */; };
		936A944928BBAA0500CA5952 /* README.md in Resources */ = {isa = PBXBuildFile; fileRef = 936A944828BBAA0500CA5952 /* README.md */; };
		936EDC3F28B79E5C00264165 /* MainWindowController+NSToolbarDelegate.swift in Sources */ = {isa = PBXBuildFile; fileRef = 936EDC3E28B79E5C00264165 /* MainWindowController+NSToolbarDelegate.swift */; };
		93A0059028B8F34300170541 /* TabView.swift in Sources */ = {isa = PBXBuildFile; fileRef = 93A0058F28B8F34200170541 /* TabView.swift */; };
/* End PBXBuildFile section */

/* Begin PBXFileReference section */
		932B191128B726920034093E /* compactTabs.app */ = {isa = PBXFileReference; explicitFileType = wrapper.application; includeInIndex = 0; path = compactTabs.app; sourceTree = BUILT_PRODUCTS_DIR; };
		932B191428B726920034093E /* AppDelegate.swift */ = {isa = PBXFileReference; lastKnownFileType = sourcecode.swift; path = AppDelegate.swift; sourceTree = "<group>"; };
		932B191628B726920034093E /* ViewController.swift */ = {isa = PBXFileReference; lastKnownFileType = sourcecode.swift; path = ViewController.swift; sourceTree = "<group>"; };
		932B191828B726930034093E /* Assets.xcassets */ = {isa = PBXFileReference; lastKnownFileType = folder.assetcatalog; path = Assets.xcassets; sourceTree = "<group>"; };
		932B191B28B726930034093E /* Base */ = {isa = PBXFileReference; lastKnownFileType = file.storyboard; name = Base; path = Base.lproj/Main.storyboard; sourceTree = "<group>"; };
		932B191D28B726930034093E /* compactTabs.entitlements */ = {isa = PBXFileReference; lastKnownFileType = text.plist.entitlements; path = compactTabs.entitlements; sourceTree = "<group>"; };
		932B192328B729370034093E /* MainWindowController.swift */ = {isa = PBXFileReference; lastKnownFileType = sourcecode.swift; path = MainWindowController.swift; sourceTree = "<group>"; };
		932B192A28B72F830034093E /* CompactTabsToolbarView.swift */ = {isa = PBXFileReference; lastKnownFileType = sourcecode.swift; path = CompactTabsToolbarView.swift; sourceTree = "<group>"; };
		935BCDBF28B84BE00032960F /* WebPageView.swift */ = {isa = PBXFileReference; lastKnownFileType = sourcecode.swift; path = WebPageView.swift; sourceTree = "<group>"; };
		936A944828BBAA0500CA5952 /* README.md */ = {isa = PBXFileReference; fileEncoding = 4; lastKnownFileType = net.daringfireball.markdown; path = README.md; sourceTree = "<group>"; };
		936EDC3E28B79E5C00264165 /* MainWindowController+NSToolbarDelegate.swift */ = {isa = PBXFileReference; lastKnownFileType = sourcecode.swift; path = "MainWindowController+NSToolbarDelegate.swift"; sourceTree = "<group>"; };
		93A0058F28B8F34200170541 /* TabView.swift */ = {isa = PBXFileReference; lastKnownFileType = sourcecode.swift; path = TabView.swift; sourceTree = "<group>"; };
/* End PBXFileReference section */

/* Begin PBXFrameworksBuildPhase section */
		932B190E28B726920034093E /* Frameworks */ = {
			isa = PBXFrameworksBuildPhase;
			buildActionMask = 2147483647;
			files = (
			);
			runOnlyForDeploymentPostprocessing = 0;
		};
/* End PBXFrameworksBuildPhase section */

/* Begin PBXGroup section */
		932B190828B726920034093E = {
			isa = PBXGroup;
			children = (
				936A944828BBAA0500CA5952 /* README.md */,
				932B191328B726920034093E /* compactTabs */,
				932B191228B726920034093E /* Products */,
			);
			sourceTree = "<group>";
		};
		932B191228B726920034093E /* Products */ = {
			isa = PBXGroup;
			children = (
				932B191128B726920034093E /* compactTabs.app */,
			);
			name = Products;
			sourceTree = "<group>";
		};
		932B191328B726920034093E /* compactTabs */ = {
			isa = PBXGroup;
			children = (
				932B191428B726920034093E /* AppDelegate.swift */,
				932B191628B726920034093E /* ViewController.swift */,
				935BCDBF28B84BE00032960F /* WebPageView.swift */,
				932B191828B726930034093E /* Assets.xcassets */,
				932B191A28B726930034093E /* Main.storyboard */,
				936EDC4028B7AB0000264165 /* CompactTabs */,
				932B192728B72D6C0034093E /* MainWindowController */,
				932B191D28B726930034093E /* compactTabs.entitlements */,
			);
			path = compactTabs;
			sourceTree = "<group>";
		};
		932B192728B72D6C0034093E /* MainWindowController */ = {
			isa = PBXGroup;
			children = (
				932B192328B729370034093E /* MainWindowController.swift */,
				936EDC3E28B79E5C00264165 /* MainWindowController+NSToolbarDelegate.swift */,
			);
			path = MainWindowController;
			sourceTree = "<group>";
		};
		936EDC4028B7AB0000264165 /* CompactTabs */ = {
			isa = PBXGroup;
			children = (
				932B192A28B72F830034093E /* CompactTabsToolbarView.swift */,
				93A0058F28B8F34200170541 /* TabView.swift */,
			);
			path = CompactTabs;
			sourceTree = "<group>";
		};
/* End PBXGroup section */

/* Begin PBXNativeTarget section */
		932B191028B726920034093E /* compactTabs */ = {
			isa = PBXNativeTarget;
			buildConfigurationList = 932B192028B726930034093E /* Build configuration list for PBXNativeTarget "compactTabs" */;
			buildPhases = (
				932B190D28B726920034093E /* Sources */,
				932B190E28B726920034093E /* Frameworks */,
				932B190F28B726920034093E /* Resources */,
			);
			buildRules = (
			);
			dependencies = (
			);
			name = compactTabs;
			productName = compactTabs;
			productReference = 932B191128B726920034093E /* compactTabs.app */;
			productType = "com.apple.product-type.application";
		};
/* End PBXNativeTarget section */

/* Begin PBXProject section */
		932B190928B726920034093E /* Project object */ = {
			isa = PBXProject;
			attributes = {
				BuildIndependentTargetsInParallel = 1;
				LastSwiftUpdateCheck = 1400;
				LastUpgradeCheck = 1400;
				TargetAttributes = {
					932B191028B726920034093E = {
						CreatedOnToolsVersion = 14.0;
					};
				};
			};
			buildConfigurationList = 932B190C28B726920034093E /* Build configuration list for PBXProject "compactTabs" */;
			compatibilityVersion = "Xcode 14.0";
			developmentRegion = en;
			hasScannedForEncodings = 0;
			knownRegions = (
				en,
				Base,
			);
			mainGroup = 932B190828B726920034093E;
			productRefGroup = 932B191228B726920034093E /* Products */;
			projectDirPath = "";
			projectRoot = "";
			targets = (
				932B191028B726920034093E /* compactTabs */,
			);
		};
/* End PBXProject section */

/* Begin PBXResourcesBuildPhase section */
		932B190F28B726920034093E /* Resources */ = {
			isa = PBXResourcesBuildPhase;
			buildActionMask = 2147483647;
			files = (
				936A944928BBAA0500CA5952 /* README.md in Resources */,
				932B191928B726930034093E /* Assets.xcassets in Resources */,
				932B191C28B726930034093E /* Main.storyboard in Resources */,
			);
			runOnlyForDeploymentPostprocessing = 0;
		};
/* End PBXResourcesBuildPhase section */

/* Begin PBXSourcesBuildPhase section */
		932B190D28B726920034093E /* Sources */ = {
			isa = PBXSourcesBuildPhase;
			buildActionMask = 2147483647;
			files = (
				935BCDC028B84BE00032960F /* WebPageView.swift in Sources */,
				932B192B28B72F830034093E /* CompactTabsToolbarView.swift in Sources */,
				932B191728B726920034093E /* ViewController.swift in Sources */,
				936EDC3F28B79E5C00264165 /* MainWindowController+NSToolbarDelegate.swift in Sources */,
				93A0059028B8F34300170541 /* TabView.swift in Sources */,
				932B191528B726920034093E /* AppDelegate.swift in Sources */,
				932B192428B729370034093E /* MainWindowController.swift in Sources */,
			);
			runOnlyForDeploymentPostprocessing = 0;
		};
/* End PBXSourcesBuildPhase section */

/* Begin PBXVariantGroup section */
		932B191A28B726930034093E /* Main.storyboard */ = {
			isa = PBXVariantGroup;
			children = (
				932B191B28B726930034093E /* Base */,
			);
			name = Main.storyboard;
			sourceTree = "<group>";
		};
/* End PBXVariantGroup section */

/* Begin XCBuildConfiguration section */
		932B191E28B726930034093E /* Debug */ = {
			isa = XCBuildConfiguration;
			buildSettings = {
				ALWAYS_SEARCH_USER_PATHS = NO;
				CLANG_ANALYZER_NONNULL = YES;
				CLANG_ANALYZER_NUMBER_OBJECT_CONVERSION = YES_AGGRESSIVE;
				CLANG_CXX_LANGUAGE_STANDARD = "gnu++20";
				CLANG_ENABLE_MODULES = YES;
				CLANG_ENABLE_OBJC_ARC = YES;
				CLANG_ENABLE_OBJC_WEAK = YES;
				CLANG_WARN_BLOCK_CAPTURE_AUTORELEASING = YES;
				CLANG_WARN_BOOL_CONVERSION = YES;
				CLANG_WARN_COMMA = YES;
				CLANG_WARN_CONSTANT_CONVERSION = YES;
				CLANG_WARN_DEPRECATED_OBJC_IMPLEMENTATIONS = YES;
				CLANG_WARN_DIRECT_OBJC_ISA_USAGE = YES_ERROR;
				CLANG_WARN_DOCUMENTATION_COMMENTS = YES;
				CLANG_WARN_EMPTY_BODY = YES;
				CLANG_WARN_ENUM_CONVERSION = YES;
				CLANG_WARN_INFINITE_RECURSION = YES;
				CLANG_WARN_INT_CONVERSION = YES;
				CLANG_WARN_NON_LITERAL_NULL_CONVERSION = YES;
				CLANG_WARN_OBJC_IMPLICIT_RETAIN_SELF = YES;
				CLANG_WARN_OBJC_LITERAL_CONVERSION = YES;
				CLANG_WARN_OBJC_ROOT_CLASS = YES_ERROR;
				CLANG_WARN_QUOTED_INCLUDE_IN_FRAMEWORK_HEADER = YES;
				CLANG_WARN_RANGE_LOOP_ANALYSIS = YES;
				CLANG_WARN_STRICT_PROTOTYPES = YES;
				CLANG_WARN_SUSPICIOUS_MOVE = YES;
				CLANG_WARN_UNGUARDED_AVAILABILITY = YES_AGGRESSIVE;
				CLANG_WARN_UNREACHABLE_CODE = YES;
				CLANG_WARN__DUPLICATE_METHOD_MATCH = YES;
				COPY_PHASE_STRIP = NO;
				DEBUG_INFORMATION_FORMAT = dwarf;
				ENABLE_STRICT_OBJC_MSGSEND = YES;
				ENABLE_TESTABILITY = YES;
				GCC_C_LANGUAGE_STANDARD = gnu11;
				GCC_DYNAMIC_NO_PIC = NO;
				GCC_NO_COMMON_BLOCKS = YES;
				GCC_OPTIMIZATION_LEVEL = 0;
				GCC_PREPROCESSOR_DEFINITIONS = (
					"DEBUG=1",
					"$(inherited)",
				);
				GCC_WARN_64_TO_32_BIT_CONVERSION = YES;
				GCC_WARN_ABOUT_RETURN_TYPE = YES_ERROR;
				GCC_WARN_UNDECLARED_SELECTOR = YES;
				GCC_WARN_UNINITIALIZED_AUTOS = YES_AGGRESSIVE;
				GCC_WARN_UNUSED_FUNCTION = YES;
				GCC_WARN_UNUSED_VARIABLE = YES;
				MACOSX_DEPLOYMENT_TARGET = 12.5;
				MTL_ENABLE_DEBUG_INFO = INCLUDE_SOURCE;
				MTL_FAST_MATH = YES;
				ONLY_ACTIVE_ARCH = YES;
				SDKROOT = macosx;
				SWIFT_ACTIVE_COMPILATION_CONDITIONS = DEBUG;
				SWIFT_OPTIMIZATION_LEVEL = "-Onone";
			};
			name = Debug;
		};
		932B191F28B726930034093E /* Release */ = {
			isa = XCBuildConfiguration;
			buildSettings = {
				ALWAYS_SEARCH_USER_PATHS = NO;
				CLANG_ANALYZER_NONNULL = YES;
				CLANG_ANALYZER_NUMBER_OBJECT_CONVERSION = YES_AGGRESSIVE;
				CLANG_CXX_LANGUAGE_STANDARD = "gnu++20";
				CLANG_ENABLE_MODULES = YES;
				CLANG_ENABLE_OBJC_ARC = YES;
				CLANG_ENABLE_OBJC_WEAK = YES;
				CLANG_WARN_BLOCK_CAPTURE_AUTORELEASING = YES;
				CLANG_WARN_BOOL_CONVERSION = YES;
				CLANG_WARN_COMMA = YES;
				CLANG_WARN_CONSTANT_CONVERSION = YES;
				CLANG_WARN_DEPRECATED_OBJC_IMPLEMENTATIONS = YES;
				CLANG_WARN_DIRECT_OBJC_ISA_USAGE = YES_ERROR;
				CLANG_WARN_DOCUMENTATION_COMMENTS = YES;
				CLANG_WARN_EMPTY_BODY = YES;
				CLANG_WARN_ENUM_CONVERSION = YES;
				CLANG_WARN_INFINITE_RECURSION = YES;
				CLANG_WARN_INT_CONVERSION = YES;
				CLANG_WARN_NON_LITERAL_NULL_CONVERSION = YES;
				CLANG_WARN_OBJC_IMPLICIT_RETAIN_SELF = YES;
				CLANG_WARN_OBJC_LITERAL_CONVERSION = YES;
				CLANG_WARN_OBJC_ROOT_CLASS = YES_ERROR;
				CLANG_WARN_QUOTED_INCLUDE_IN_FRAMEWORK_HEADER = YES;
				CLANG_WARN_RANGE_LOOP_ANALYSIS = YES;
				CLANG_WARN_STRICT_PROTOTYPES = YES;
				CLANG_WARN_SUSPICIOUS_MOVE = YES;
				CLANG_WARN_UNGUARDED_AVAILABILITY = YES_AGGRESSIVE;
				CLANG_WARN_UNREACHABLE_CODE = YES;
				CLANG_WARN__DUPLICATE_METHOD_MATCH = YES;
				COPY_PHASE_STRIP = NO;
				DEBUG_INFORMATION_FORMAT = "dwarf-with-dsym";
				ENABLE_NS_ASSERTIONS = NO;
				ENABLE_STRICT_OBJC_MSGSEND = YES;
				GCC_C_LANGUAGE_STANDARD = gnu11;
				GCC_NO_COMMON_BLOCKS = YES;
				GCC_WARN_64_TO_32_BIT_CONVERSION = YES;
				GCC_WARN_ABOUT_RETURN_TYPE = YES_ERROR;
				GCC_WARN_UNDECLARED_SELECTOR = YES;
				GCC_WARN_UNINITIALIZED_AUTOS = YES_AGGRESSIVE;
				GCC_WARN_UNUSED_FUNCTION = YES;
				GCC_WARN_UNUSED_VARIABLE = YES;
				MACOSX_DEPLOYMENT_TARGET = 12.5;
				MTL_ENABLE_DEBUG_INFO = NO;
				MTL_FAST_MATH = YES;
				SDKROOT = macosx;
				SWIFT_COMPILATION_MODE = wholemodule;
				SWIFT_OPTIMIZATION_LEVEL = "-O";
			};
			name = Release;
		};
		932B192128B726930034093E /* Debug */ = {
			isa = XCBuildConfiguration;
			buildSettings = {
				ASSETCATALOG_COMPILER_APPICON_NAME = AppIcon;
				ASSETCATALOG_COMPILER_GLOBAL_ACCENT_COLOR_NAME = AccentColor;
				CODE_SIGN_ENTITLEMENTS = compactTabs/compactTabs.entitlements;
				CODE_SIGN_STYLE = Automatic;
				COMBINE_HIDPI_IMAGES = YES;
				CURRENT_PROJECT_VERSION = 1;
				GENERATE_INFOPLIST_FILE = YES;
				INFOPLIST_KEY_CFBundleDisplayName = "Compact Tabs";
				INFOPLIST_KEY_NSHumanReadableCopyright = "";
				INFOPLIST_KEY_NSMainStoryboardFile = Main;
				INFOPLIST_KEY_NSPrincipalClass = NSApplication;
				LD_RUNPATH_SEARCH_PATHS = (
					"$(inherited)",
					"@executable_path/../Frameworks",
				);
				MACOSX_DEPLOYMENT_TARGET = 10.14;
				MARKETING_VERSION = 1.0;
				PRODUCT_BUNDLE_IDENTIFIER = kaitay.compactTabs;
				PRODUCT_NAME = "$(TARGET_NAME)";
				SWIFT_EMIT_LOC_STRINGS = YES;
				SWIFT_VERSION = 5.0;
			};
			name = Debug;
		};
		932B192228B726930034093E /* Release */ = {
			isa = XCBuildConfiguration;
			buildSettings = {
				ASSETCATALOG_COMPILER_APPICON_NAME = AppIcon;
				ASSETCATALOG_COMPILER_GLOBAL_ACCENT_COLOR_NAME = AccentColor;
				CODE_SIGN_ENTITLEMENTS = compactTabs/compactTabs.entitlements;
				CODE_SIGN_STYLE = Automatic;
				COMBINE_HIDPI_IMAGES = YES;
				CURRENT_PROJECT_VERSION = 1;
				GENERATE_INFOPLIST_FILE = YES;
				INFOPLIST_KEY_CFBundleDisplayName = "Compact Tabs";
				INFOPLIST_KEY_NSHumanReadableCopyright = "";
				INFOPLIST_KEY_NSMainStoryboardFile = Main;
				INFOPLIST_KEY_NSPrincipalClass = NSApplication;
				LD_RUNPATH_SEARCH_PATHS = (
					"$(inherited)",
					"@executable_path/../Frameworks",
				);
				MACOSX_DEPLOYMENT_TARGET = 10.14;
				MARKETING_VERSION = 1.0;
				PRODUCT_BUNDLE_IDENTIFIER = kaitay.compactTabs;
				PRODUCT_NAME = "$(TARGET_NAME)";
				SWIFT_EMIT_LOC_STRINGS = YES;
				SWIFT_VERSION = 5.0;
			};
			name = Release;
		};
/* End XCBuildConfiguration section */

/* Begin XCConfigurationList section */
		932B190C28B726920034093E /* Build configuration list for PBXProject "compactTabs" */ = {
			isa = XCConfigurationList;
			buildConfigurations = (
				932B191E28B726930034093E /* Debug */,
				932B191F28B726930034093E /* Release */,
			);
			defaultConfigurationIsVisible = 0;
			defaultConfigurationName = Release;
		};
		932B192028B726930034093E /* Build configuration list for PBXNativeTarget "compactTabs" */ = {
			isa = XCConfigurationList;
			buildConfigurations = (
				932B192128B726930034093E /* Debug */,
				932B192228B726930034093E /* Release */,
			);
			defaultConfigurationIsVisible = 0;
			defaultConfigurationName = Release;
		};
/* End XCConfigurationList section */
	};
	rootObject = 932B190928B726920034093E /* Project object */;
}
